assets:
  cmd: python -m spacy run assets
  script:
    - python -m pip install https://huggingface.co/diyclassics/la_senter/resolve/main/la_senter-0.1.0/dist/la_senter-0.1.0.tar.gz
    - python -m spacy project assets
  deps: []
  outs: []
  spacy_version: 3.4.2
  spacy_git_version: 3d0e89536
preprocess:
  cmd: python -m spacy run preprocess
  script:
    - mkdir -p corpus/train
    - mkdir -p corpus/dev
    - mkdir -p corpus/test
    - python -m spacy convert assets/UD_Latin-Perseus/la_perseus-ud-train.conllu  corpus/  --converter
      conllu  --n-sents 10  --merge-subtokens
    - python -m spacy convert assets/UD_Latin-Perseus/la_perseus-ud-test.conllu  corpus/  --converter
      conllu  --n-sents 10  --merge-subtokens
    - python -m spacy convert assets/UD_Latin-PROIEL/la_proiel-ud-train.conllu  corpus/  --converter
      conllu  --n-sents 10  --merge-subtokens
    - python -m spacy convert assets/UD_Latin-PROIEL/la_proiel-ud-dev.conllu  corpus/  --converter
      conllu  --n-sents 10  --merge-subtokens
    - python -m spacy convert assets/UD_Latin-PROIEL/la_proiel-ud-test.conllu  corpus/  --converter
      conllu  --n-sents 10  --merge-subtokens
    - python -m spacy convert assets/UD_Latin-ITTB/la_ittb-ud-train.conllu  corpus/  --converter
      conllu  --n-sents 10  --merge-subtokens
    - python -m spacy convert assets/UD_Latin-ITTB/la_ittb-ud-dev.conllu  corpus/  --converter
      conllu  --n-sents 10  --merge-subtokens
    - python -m spacy convert assets/UD_Latin-ITTB/la_ittb-ud-test.conllu  corpus/  --converter
      conllu  --n-sents 10  --merge-subtokens
    - python -m spacy convert assets/UD_Latin-LLCT/la_llct-ud-train.conllu  corpus/  --converter
      conllu  --n-sents 10  --merge-subtokens
    - python -m spacy convert assets/UD_Latin-LLCT/la_llct-ud-dev.conllu  corpus/  --converter
      conllu  --n-sents 10  --merge-subtokens
    - python -m spacy convert assets/UD_Latin-LLCT/la_llct-ud-test.conllu  corpus/  --converter
      conllu  --n-sents 10  --merge-subtokens
    - python -m spacy convert assets/UD_Latin-UDante/la_udante-ud-train.conllu  corpus/  --converter
      conllu  --n-sents 10  --merge-subtokens
    - python -m spacy convert assets/UD_Latin-UDante/la_udante-ud-dev.conllu  corpus/  --converter
      conllu  --n-sents 10  --merge-subtokens
    - python -m spacy convert assets/UD_Latin-UDante/la_udante-ud-test.conllu  corpus/  --converter
      conllu  --n-sents 10  --merge-subtokens
    - sh -c 'mv corpus/*train.spacy corpus/train/'
    - sh -c 'mv corpus/*dev.spacy corpus/dev/'
    - sh -c 'mv corpus/*test.spacy corpus/test/'
  deps:
    - path: assets/UD_Latin-Perseus/la_perseus-ud-train.conllu
      md5: 14dfe5a35a5728d2503df9a42d5e490c
    - path: assets/UD_Latin-Perseus/la_perseus-ud-test.conllu
      md5: 2a52ef5ee146f75794643e776342e802
    - path: assets/UD_Latin-PROIEL/la_proiel-ud-train.conllu
      md5: c83b308c9db6c5bb6d176cf3752fbc18
    - path: assets/UD_Latin-PROIEL/la_proiel-ud-dev.conllu
      md5: 66abfb18c37a639ea2be1c3eb9adf068
    - path: assets/UD_Latin-PROIEL/la_proiel-ud-test.conllu
      md5: e5663147da07515ad4efe848969ddfab
    - path: assets/UD_Latin-ITTB/la_ittb-ud-train.conllu
      md5: d65a66d0cdc1a6f45e51585b47ee35df
    - path: assets/UD_Latin-ITTB/la_ittb-ud-dev.conllu
      md5: e0eb48af88ba86f216717878c543c77d
    - path: assets/UD_Latin-ITTB/la_ittb-ud-test.conllu
      md5: 26786d344f0e4d0d4e5a99fb1c3f1604
    - path: assets/UD_Latin-LLCT/la_llct-ud-train.conllu
      md5: 7fdc84574e3a3cbae06de14949637632
    - path: assets/UD_Latin-LLCT/la_llct-ud-dev.conllu
      md5: 68c8859ca9867535938765b7e1ce20f9
    - path: assets/UD_Latin-LLCT/la_llct-ud-test.conllu
      md5: b4305daf31d0d77f7f0e92a680e626dc
    - path: assets/UD_Latin-UDante/la_udante-ud-train.conllu
      md5: 6b43220588b44fdb0ffde8439129bb12
    - path: assets/UD_Latin-UDante/la_udante-ud-dev.conllu
      md5: 0c4a1e7fcb51ec8bbaaa9b6b0e8e8b03
    - path: assets/UD_Latin-UDante/la_udante-ud-test.conllu
      md5: c330b6f6da3425cf0a91037bfcb7032f
  outs:
    - path: corpus/train/la_perseus-ud-train.spacy
      md5: d7ae5b9ccc7d830d4c807ca8b428042e
    - path: corpus/train/la_proiel-ud-train.spacy
      md5: b5d0d8c739bb1f19b29e9339fbd7a234
    - path: corpus/train/la_ittb-ud-train.spacy
      md5: aab09942e13efbb7a43a35423fe500ac
    - path: corpus/train/la_llct-ud-train.spacy
      md5: 60519c3ceb5a1286140cba27cabe0be1
    - path: corpus/train/la_udante-ud-train.spacy
      md5: eb3eca268e65ed03133c8cee2cf60e55
    - path: corpus/dev/la_proiel-ud-dev.spacy
      md5: d356128f28ec531da2b852a16f386e63
    - path: corpus/dev/la_ittb-ud-dev.spacy
      md5: 5342cc9976d06f3c70a84f955a1bfbfe
    - path: corpus/dev/la_llct-ud-dev.spacy
      md5: 3efbc50d1aaa34a15b0f1f6505e5968a
    - path: corpus/dev/la_udante-ud-dev.spacy
      md5: fd2538f559328c9373a7761a1feba5d2
    - path: corpus/test/la_perseus-ud-test.spacy
      md5: 083f070271e3943f3ef65a98807e79fe
    - path: corpus/test/la_proiel-ud-test.spacy
      md5: 08a578d89757213d085588f014021b5e
    - path: corpus/test/la_ittb-ud-test.spacy
      md5: 27cec558b76f89a8906499c1c8080b34
    - path: corpus/test/la_llct-ud-test.spacy
      md5: 1b974c1a9eaccf2352e09a73073e0f24
    - path: corpus/test/la_udante-ud-test.spacy
      md5: e9c0e8404bc6214c21471c92afb47855
  spacy_version: 3.4.2
  spacy_git_version: 3d0e89536
train:
  cmd: python -m spacy run train
  script:
    - python -m spacy train  configs/config.cfg --output training --gpu-id -1  --paths.train
      corpus/train --paths.dev corpus/dev --nlp.lang=la
  deps:
    - path: corpus/train/la_perseus-ud-train.spacy
      md5: c2ebe937775bbdaeabf5fc84169d105d
    - path: corpus/train/la_proiel-ud-train.spacy
      md5: 1c24951046929bea7e82206b7acd6f51
    - path: corpus/train/la_ittb-ud-train.spacy
      md5: 00abb9d0d5b478aa5617d3293b38d33f
    - path: corpus/train/la_llct-ud-train.spacy
      md5: 4e22c9a625e57367bd564c011349b3b3
    - path: corpus/train/la_udante-ud-train.spacy
      md5: 5e5d64fa222398bb3b80cfb577b52b9f
    - path: corpus/dev/la_proiel-ud-dev.spacy
      md5: acf0854a7340efdbafc69b354bdcd21a
    - path: corpus/dev/la_ittb-ud-dev.spacy
      md5: 99666119b18b07aa814caf3e088fa3d5
    - path: corpus/dev/la_llct-ud-dev.spacy
      md5: 5345e86f04320cffec4de4c2a4723b47
    - path: corpus/dev/la_udante-ud-dev.spacy
      md5: 3c01c55ac867fc478c98d574f1236d80
    - path: corpus/test/la_perseus-ud-test.spacy
      md5: c7363b6199fc33c4a931a98abebd4536
    - path: corpus/test/la_proiel-ud-test.spacy
      md5: 1c932f4a268e8e4c1e8446ffe2feafc9
    - path: corpus/test/la_ittb-ud-test.spacy
      md5: 9d0f10d55381b848a51fe6e336dc4a89
    - path: corpus/test/la_llct-ud-test.spacy
      md5: e10bd710d8d9718d18be5386e5f3e30c
    - path: corpus/test/la_udante-ud-test.spacy
      md5: d0ac44f52560b119b384ffb0b93c5277
    - path: configs/config.cfg
      md5: 05f358826e62cba5ee7a2cf4f2e4c59f
  outs:
    - path: training/model-best
      md5: 153ae2b61115e0b49ed13e2932e0ee8f
  spacy_version: 3.4.2
  spacy_git_version: 3d0e89536
evaluate:
  cmd: python -m spacy run evaluate
  script:
    - python -m spacy evaluate  ./training/model-best  ./corpus/test/ --output ./metrics/la_core_cltk_sm_0.2.0.json  --gpu-id
      -1
  deps:
    - path: training/model-best
      md5: 153ae2b61115e0b49ed13e2932e0ee8f
    - path: corpus/test/
      md5: 2d3c882f9b7cd3c504835d9abc082c6c
  outs:
    - path: metrics/{vars.package_name}-{vars.package_version}.json
      md5: null
  spacy_version: 3.4.2
  spacy_git_version: 3d0e89536
package:
  cmd: python -m spacy run package
  script:
    - python -m spacy package  training/model-best packages  --name core_cltk_sm  --version
      0.2.0 --meta data/meta.json --force
  deps:
    - path: training/model-best
      md5: 153ae2b61115e0b49ed13e2932e0ee8f
  outs:
    - path: packages/la_core_cltk_sm-0.2.0/dist/en_core_cltk_sm-0.2.0.tar.gz
      md5: null
  spacy_version: 3.4.2
  spacy_git_version: 3d0e89536
normalize:
  cmd: python -m spacy run normalize
  script:
    - python scripts/la_lemma_norm.py
  deps:
    - path: corpus/train/la_perseus-ud-train.spacy
      md5: c2ebe937775bbdaeabf5fc84169d105d
    - path: corpus/train/la_proiel-ud-train.spacy
      md5: 1c24951046929bea7e82206b7acd6f51
    - path: corpus/train/la_ittb-ud-train.spacy
      md5: 00abb9d0d5b478aa5617d3293b38d33f
    - path: corpus/train/la_llct-ud-train.spacy
      md5: 4e22c9a625e57367bd564c011349b3b3
    - path: corpus/train/la_udante-ud-train.spacy
      md5: 5e5d64fa222398bb3b80cfb577b52b9f
    - path: corpus/dev/la_proiel-ud-dev.spacy
      md5: acf0854a7340efdbafc69b354bdcd21a
    - path: corpus/dev/la_ittb-ud-dev.spacy
      md5: 99666119b18b07aa814caf3e088fa3d5
    - path: corpus/dev/la_llct-ud-dev.spacy
      md5: 5345e86f04320cffec4de4c2a4723b47
    - path: corpus/dev/la_udante-ud-dev.spacy
      md5: 3c01c55ac867fc478c98d574f1236d80
    - path: corpus/test/la_perseus-ud-test.spacy
      md5: c7363b6199fc33c4a931a98abebd4536
    - path: corpus/test/la_proiel-ud-test.spacy
      md5: 1c932f4a268e8e4c1e8446ffe2feafc9
    - path: corpus/test/la_ittb-ud-test.spacy
      md5: 9d0f10d55381b848a51fe6e336dc4a89
    - path: corpus/test/la_llct-ud-test.spacy
      md5: e10bd710d8d9718d18be5386e5f3e30c
    - path: corpus/test/la_udante-ud-test.spacy
      md5: d0ac44f52560b119b384ffb0b93c5277
  outs:
    - path: corpus/train/la_perseus-ud-train.spacy
      md5: c2ebe937775bbdaeabf5fc84169d105d
    - path: corpus/train/la_proiel-ud-train.spacy
      md5: 1c24951046929bea7e82206b7acd6f51
    - path: corpus/train/la_ittb-ud-train.spacy
      md5: 00abb9d0d5b478aa5617d3293b38d33f
    - path: corpus/train/la_llct-ud-train.spacy
      md5: 4e22c9a625e57367bd564c011349b3b3
    - path: corpus/train/la_udante-ud-train.spacy
      md5: 5e5d64fa222398bb3b80cfb577b52b9f
    - path: corpus/dev/la_proiel-ud-dev.spacy
      md5: acf0854a7340efdbafc69b354bdcd21a
    - path: corpus/dev/la_ittb-ud-dev.spacy
      md5: 99666119b18b07aa814caf3e088fa3d5
    - path: corpus/dev/la_llct-ud-dev.spacy
      md5: 5345e86f04320cffec4de4c2a4723b47
    - path: corpus/dev/la_udante-ud-dev.spacy
      md5: 3c01c55ac867fc478c98d574f1236d80
    - path: corpus/test/la_perseus-ud-test.spacy
      md5: c7363b6199fc33c4a931a98abebd4536
    - path: corpus/test/la_proiel-ud-test.spacy
      md5: 1c932f4a268e8e4c1e8446ffe2feafc9
    - path: corpus/test/la_ittb-ud-test.spacy
      md5: 9d0f10d55381b848a51fe6e336dc4a89
    - path: corpus/test/la_llct-ud-test.spacy
      md5: e10bd710d8d9718d18be5386e5f3e30c
    - path: corpus/test/la_udante-ud-test.spacy
      md5: d0ac44f52560b119b384ffb0b93c5277
  spacy_version: 3.4.2
  spacy_git_version: 3d0e89536
document:
  cmd: python -m spacy run document
  script:
    - python -m spacy project document  --output README.md
  deps: []
  outs:
    - path: README.md
      md5: 8c1905bd50305e3f5ff5347fa2cc7f9e
  spacy_version: 3.4.2
  spacy_git_version: 3d0e89536
clean:
  cmd: python -m spacy run clean
  script:
    - sh -c "rm -rf assets/*"
    - sh -c "rm -rf corpus/*"
    - sh -c "rm -rf metrics/*"
  deps: []
  outs: []
  spacy_version: 3.4.2
  spacy_git_version: 3d0e89536
